
Microsoft Visual Studio Solution File, Format Version 12.00
Project("{FAE04EC0-301F-11D3-BF4B-00C04F79EFBC}") = "Veterinary.Backend.WebAPI", "Veterinary.Backend.WebAPI\Veterinary.Backend.WebAPI.csproj", "{592AA62F-B5DE-4BDF-A06C-739BA38E2CF2}"
EndProject
Project("{FAE04EC0-301F-11D3-BF4B-00C04F79EFBC}") = "Veterinary.Backend.Application", "Veterinary.Backend.Application\Veterinary.Backend.Application.csproj", "{6BE99FAC-BA5B-4FE9-8ED6-87FB4FEF6D10}"
EndProject
Project("{FAE04EC0-301F-11D3-BF4B-00C04F79EFBC}") = "Veterinary.Backend.Domain", "Veterinary.Backend.Domain\Veterinary.Backend.Domain.csproj", "{F31B59F7-2F1E-4D86-8A5A-8CD7FA10C41A}"
EndProject
Project("{FAE04EC0-301F-11D3-BF4B-00C04F79EFBC}") = "Veterinary.Backend.Infrastructure", "Veterinary.Backend.Infrastructure\Veterinary.Backend.Infrastructure.csproj", "{3F3FBBF8-23B3-44E2-A5A2-5F03D0F1E92C}"
EndProject
Global
	GlobalSection(SolutionConfigurationPlatforms) = preSolution
		Debug|Any CPU = Debug|Any CPU
		Release|Any CPU = Release|Any CPU
	EndGlobalSection
	GlobalSection(ProjectConfigurationPlatforms) = postSolution
		{592AA62F-B5DE-4BDF-A06C-739BA38E2CF2}.Debug|Any CPU.ActiveCfg = Debug|Any CPU
		{592AA62F-B5DE-4BDF-A06C-739BA38E2CF2}.Debug|Any CPU.Build.0 = Debug|Any CPU
		{592AA62F-B5DE-4BDF-A06C-739BA38E2CF2}.Release|Any CPU.ActiveCfg = Release|Any CPU
		{592AA62F-B5DE-4BDF-A06C-739BA38E2CF2}.Release|Any CPU.Build.0 = Release|Any CPU
		{6BE99FAC-BA5B-4FE9-8ED6-87FB4FEF6D10}.Debug|Any CPU.ActiveCfg = Debug|Any CPU
		{6BE99FAC-BA5B-4FE9-8ED6-87FB4FEF6D10}.Debug|Any CPU.Build.0 = Debug|Any CPU
		{6BE99FAC-BA5B-4FE9-8ED6-87FB4FEF6D10}.Release|Any CPU.ActiveCfg = Release|Any CPU
		{6BE99FAC-BA5B-4FE9-8ED6-87FB4FEF6D10}.Release|Any CPU.Build.0 = Release|Any CPU
		{F31B59F7-2F1E-4D86-8A5A-8CD7FA10C41A}.Debug|Any CPU.ActiveCfg = Debug|Any CPU
		{F31B59F7-2F1E-4D86-8A5A-8CD7FA10C41A}.Debug|Any CPU.Build.0 = Debug|Any CPU
		{F31B59F7-2F1E-4D86-8A5A-8CD7FA10C41A}.Release|Any CPU.ActiveCfg = Release|Any CPU
		{F31B59F7-2F1E-4D86-8A5A-8CD7FA10C41A}.Release|Any CPU.Build.0 = Release|Any CPU
		{3F3FBBF8-23B3-44E2-A5A2-5F03D0F1E92C}.Debug|Any CPU.ActiveCfg = Debug|Any CPU
		{3F3FBBF8-23B3-44E2-A5A2-5F03D0F1E92C}.Debug|Any CPU.Build.0 = Debug|Any CPU
		{3F3FBBF8-23B3-44E2-A5A2-5F03D0F1E92C}.Release|Any CPU.ActiveCfg = Release|Any CPU
		{3F3FBBF8-23B3-44E2-A5A2-5F03D0F1E92C}.Release|Any CPU.Build.0 = Release|Any CPU
	EndGlobalSection
EndGlobal
